
Microsoft Visual Studio Solution File, Format Version 12.00
# Visual Studio Version 17
VisualStudioVersion = 17.14.36414.22
MinimumVisualStudioVersion = 10.0.40219.1
Project("{8BC9CEB8-8B4A-11D0-8D11-00A0C91BC942}") = "sfmlChess", "sfmlChess.vcxproj", "{7C6849B4-9FE6-42FA-8766-919FF83FF100}"
EndProject
Global
	GlobalSection(SolutionConfigurationPlatforms) = preSolution
		Debug|x64 = Debug|x64
		Debug|x86 = Debug|x86
		DebugSTATIC|x64 = DebugSTATIC|x64
		DebugSTATIC|x86 = DebugSTATIC|x86
		Release|x64 = Release|x64
		Release|x86 = Release|x86
		ReleaseSTATIC|x64 = ReleaseSTATIC|x64
		ReleaseSTATIC|x86 = ReleaseSTATIC|x86
	EndGlobalSection
	GlobalSection(ProjectConfigurationPlatforms) = postSolution
		{7C6849B4-9FE6-42FA-8766-919FF83FF100}.Debug|x64.ActiveCfg = Debug|x64
		{7C6849B4-9FE6-42FA-8766-919FF83FF100}.Debug|x64.Build.0 = Debug|x64
		{7C6849B4-9FE6-42FA-8766-919FF83FF100}.Debug|x86.ActiveCfg = Debug|Win32
		{7C6849B4-9FE6-42FA-8766-919FF83FF100}.Debug|x86.Build.0 = Debug|Win32
		{7C6849B4-9FE6-42FA-8766-919FF83FF100}.DebugSTATIC|x64.ActiveCfg = DebugSTATIC|x64
		{7C6849B4-9FE6-42FA-8766-919FF83FF100}.DebugSTATIC|x64.Build.0 = DebugSTATIC|x64
		{7C6849B4-9FE6-42FA-8766-919FF83FF100}.DebugSTATIC|x86.ActiveCfg = DebugSTATIC|Win32
		{7C6849B4-9FE6-42FA-8766-919FF83FF100}.DebugSTATIC|x86.Build.0 = DebugSTATIC|Win32
		{7C6849B4-9FE6-42FA-8766-919FF83FF100}.Release|x64.ActiveCfg = Release|x64
		{7C6849B4-9FE6-42FA-8766-919FF83FF100}.Release|x64.Build.0 = Release|x64
		{7C6849B4-9FE6-42FA-8766-919FF83FF100}.Release|x86.ActiveCfg = Release|Win32
		{7C6849B4-9FE6-42FA-8766-919FF83FF100}.Release|x86.Build.0 = Release|Win32
		{7C6849B4-9FE6-42FA-8766-919FF83FF100}.ReleaseSTATIC|x64.ActiveCfg = ReleaseSTATIC|x64
		{7C6849B4-9FE6-42FA-8766-919FF83FF100}.ReleaseSTATIC|x64.Build.0 = ReleaseSTATIC|x64
		{7C6849B4-9FE6-42FA-8766-919FF83FF100}.ReleaseSTATIC|x86.ActiveCfg = ReleaseSTATIC|Win32
		{7C6849B4-9FE6-42FA-8766-919FF83FF100}.ReleaseSTATIC|x86.Build.0 = ReleaseSTATIC|Win32
	EndGlobalSection
	GlobalSection(SolutionProperties) = preSolution
		HideSolutionNode = FALSE
	EndGlobalSection
	GlobalSection(ExtensibilityGlobals) = postSolution
		SolutionGuid = {3FF39830-ADAA-4828-AFFE-655AEBC27776}
	EndGlobalSection
EndGlobal
